{
  "name": "cs-go-autoreplayrecorder",
  "version": "0.0.1",
  "lockfileVersion": 1,
  "requires": true,
  "dependencies": {
    "@types/events": {
      "version": "3.0.0",
      "resolved": "https://registry.npmjs.org/@types/events/-/events-3.0.0.tgz",
      "integrity": "sha512-EaObqwIvayI5a8dCzhFrjKzVwKLxjoG9T6Ppd5CEo07LRKfQ8Yokw54r5+Wq7FaBQ+yXRvQAYPrHwya1/UFt9g=="
    },
    "@types/node": {
      "version": "12.12.55",
      "resolved": "https://registry.npmjs.org/@types/node/-/node-12.12.55.tgz",
      "integrity": "sha512-Vd6xQUVvPCTm7Nx1N7XHcpX6t047ltm7TgcsOr4gFHjeYgwZevo+V7I1lfzHnj5BT5frztZ42+RTG4MwYw63dw=="
    },
    "@types/ws": {
      "version": "6.0.1",
      "resolved": "https://registry.npmjs.org/@types/ws/-/ws-6.0.1.tgz",
      "integrity": "sha512-EzH8k1gyZ4xih/MaZTXwT2xOkPiIMSrhQ9b8wrlX88L0T02eYsddatQlwVFlEPyEqV0ChpdpNnE51QPH6NVT4Q==",
      "requires": {
        "@types/events": "*",
        "@types/node": "*"
      }
    },
    "@xmldom/xmldom": {
      "version": "0.8.3",
      "resolved": "https://registry.npmjs.org/@xmldom/xmldom/-/xmldom-0.8.3.tgz",
      "integrity": "sha512-Lv2vySXypg4nfa51LY1nU8yDAGo/5YwF+EY/rUZgIbfvwVARcd67ttCM8SMsTeJy51YhHYavEq+FS6R0hW9PFQ=="
    },
    "async-limiter": {
      "version": "1.0.0",
      "resolved": "https://registry.npmjs.org/async-limiter/-/async-limiter-1.0.0.tgz",
      "integrity": "sha512-jp/uFnooOiO+L211eZOoSyzpOITMXx1rBITauYykG3BRYPu8h0UcxsPNB04RR5vo4Tyz3+ay17tR6JVf9qzYWg=="
    },
    "big-integer": {
      "version": "1.6.44",
      "resolved": "https://registry.npmjs.org/big-integer/-/big-integer-1.6.44.tgz",
      "integrity": "sha512-7MzElZPTyJ2fNvBkPxtFQ2fWIkVmuzw41+BZHSzpEq3ymB2MfeKp1+yXl/tS75xCx+WnyV+yb0kp+K1C3UNwmQ=="
    },
    "lodash": {
      "version": "4.17.21",
      "resolved": "https://registry.npmjs.org/lodash/-/lodash-4.17.21.tgz",
      "integrity": "sha512-v2kDEe57lecTulaDIuNTPy3Ry4gLGJ6Z1O3vE1krgXZNrsQ+LFTGHVxVjcXPs17LhbZVGedAJv8XZ1tvj5FvSg=="
    },
    "node-csgo-gsi": {
      "version": "0.0.4",
      "resolved": "https://registry.npmjs.org/node-csgo-gsi/-/node-csgo-gsi-0.0.4.tgz",
      "integrity": "sha512-1mkc8WtTDS663z/pBElbce14ge8zGgFkIfMGDJLQpJmzfHnshoIPiRG6Ow6kNEJ/ENY+SmRo5DCZ5wEn94gfNA=="
    },
    "querystring": {
      "version": "0.2.1",
      "resolved": "https://registry.npmjs.org/querystring/-/querystring-0.2.1.tgz",
      "integrity": "sha512-wkvS7mL/JMugcup3/rMitHmd9ecIGd2lhFhK9N3UUQ450h66d1r3Y9nvXzQAW1Lq+wyx61k/1pfKS5KuKiyEbg=="
    },
    "vmix-js-utils": {
      "version": "4.0.16",
      "resolved": "https://registry.npmjs.org/vmix-js-utils/-/vmix-js-utils-4.0.16.tgz",
      "integrity": "sha512-fiJTSatAzaIZMVlWsGDhY4LfrGPohpGy4w5/X6BCEy3yFIqn2RJEkAXiFe9lqHaqWIERMSXg37slw07dTAuQMw==",
      "requires": {
        "@xmldom/xmldom": "^0.8.2",
        "lodash": "^4.17.21",
        "querystring": "^0.2.1",
        "xpath": "^0.0.32"
      }
    },
    "ws": {
      "version": "7.1.0",
      "resolved": "https://registry.npmjs.org/ws/-/ws-7.1.0.tgz",
      "integrity": "sha512-Swie2C4fs7CkwlHu1glMePLYJJsWjzhl1vm3ZaLplD0h7OMkZyZ6kLTB/OagiU923bZrPFXuDTeEqaEN4NWG4g==",
      "requires": {
        "async-limiter": "^1.0.0"
      }
    },
    "xpath": {
      "version": "0.0.32",
      "resolved": "https://registry.npmjs.org/xpath/-/xpath-0.0.32.tgz",
      "integrity": "sha512-rxMJhSIoiO8vXcWvSifKqhvV96GjiD5wYb8/QHdoRyQvraTpp4IEv944nhGausZZ3u7dhQXteZuZbaqfpB7uYw=="
    }
  }
}
